
Microsoft Visual Studio Solution File, Format Version 12.00
# Visual Studio Version 17
VisualStudioVersion = 17.1.32407.343
MinimumVisualStudioVersion = 10.0.40219.1
Project("{FAE04EC0-301F-11D3-BF4B-00C04F79EFBC}") = "JSWebWorkerSieb", "JSWebWorkerSieb.csproj", "{F423F42F-B89B-4395-80F5-95C3A85FD803}"
EndProject
Global
	GlobalSection(SolutionConfigurationPlatforms) = preSolution
		Debug|Any CPU = Debug|Any CPU
		Release|Any CPU = Release|Any CPU
	EndGlobalSection
	GlobalSection(ProjectConfigurationPlatforms) = postSolution
		{F423F42F-B89B-4395-80F5-95C3A85FD803}.Debug|Any CPU.ActiveCfg = Debug|Any CPU
		{F423F42F-B89B-4395-80F5-95C3A85FD803}.Debug|Any CPU.Build.0 = Debug|Any CPU
		{F423F42F-B89B-4395-80F5-95C3A85FD803}.Release|Any CPU.ActiveCfg = Release|Any CPU
		{F423F42F-B89B-4395-80F5-95C3A85FD803}.Release|Any CPU.Build.0 = Release|Any CPU
	EndGlobalSection
	GlobalSection(SolutionProperties) = preSolution
		HideSolutionNode = FALSE
	EndGlobalSection
	GlobalSection(ExtensibilityGlobals) = postSolution
		SolutionGuid = {424DC751-DA30-483C-A386-A3FEF25F79D8}
	EndGlobalSection
EndGlobal
